
Microsoft Visual Studio Solution File, Format Version 12.00
# Visual Studio 15
VisualStudioVersion = 15.0.28307.645
MinimumVisualStudioVersion = 10.0.40219.1
Project("{FAE04EC0-301F-11D3-BF4B-00C04F79EFBC}") = "FBPostsFetcher", "FBPostsFetcher\FBPostsFetcher.csproj", "{7517C8D9-A67E-4611-A6AA-A7416456FB45}"
EndProject
Project("{2150E333-8FDC-42A3-9474-1A3956D46DE8}") = "Solution Items", "Solution Items", "{9C92350C-CCD4-4382-9FED-8E252F7E2634}"
	ProjectSection(SolutionItems) = preProject
		README.md = README.md
	EndProjectSection
EndProject
Global
	GlobalSection(SolutionConfigurationPlatforms) = preSolution
		Debug|Any CPU = Debug|Any CPU
		Release|Any CPU = Release|Any CPU
	EndGlobalSection
	GlobalSection(ProjectConfigurationPlatforms) = postSolution
		{7517C8D9-A67E-4611-A6AA-A7416456FB45}.Debug|Any CPU.ActiveCfg = Debug|Any CPU
		{7517C8D9-A67E-4611-A6AA-A7416456FB45}.Debug|Any CPU.Build.0 = Debug|Any CPU
		{7517C8D9-A67E-4611-A6AA-A7416456FB45}.Release|Any CPU.ActiveCfg = Release|Any CPU
		{7517C8D9-A67E-4611-A6AA-A7416456FB45}.Release|Any CPU.Build.0 = Release|Any CPU
	EndGlobalSection
	GlobalSection(SolutionProperties) = preSolution
		HideSolutionNode = FALSE
	EndGlobalSection
	GlobalSection(ExtensibilityGlobals) = postSolution
		SolutionGuid = {213BFA17-80B3-400B-859C-44E6B3060498}
	EndGlobalSection
EndGlobal
